
Microsoft Visual Studio Solution File, Format Version 12.00
# Visual Studio Version 17
VisualStudioVersion = 17.13.35828.75
MinimumVisualStudioVersion = 10.0.40219.1
Project("{FAE04EC0-301F-11D3-BF4B-00C04F79EFBC}") = "QuickCart", "QuickCart\QuickCart.csproj", "{D17B7661-B6A8-416E-ABAB-DDCC0BD04C2F}"
EndProject
Project("{FAE04EC0-301F-11D3-BF4B-00C04F79EFBC}") = "QuickCart.DataAccess", "QuickCart.DataAccess\QuickCart.DataAccess.csproj", "{C830796F-CF99-48C2-AC4F-A2276B13A7B5}"
EndProject
Project("{FAE04EC0-301F-11D3-BF4B-00C04F79EFBC}") = "QuickCart.Utility", "QuickCart.Utility\QuickCart.Utility.csproj", "{8DCD0D6C-7189-4358-A78C-F67BEAD61131}"
EndProject
Project("{FAE04EC0-301F-11D3-BF4B-00C04F79EFBC}") = "QuickCart.Models", "QuickCart.Models\QuickCart.Models.csproj", "{8563733C-027B-4012-AFF5-CED2F440AB22}"
EndProject
Global
	GlobalSection(SolutionConfigurationPlatforms) = preSolution
		Debug|Any CPU = Debug|Any CPU
		Release|Any CPU = Release|Any CPU
	EndGlobalSection
	GlobalSection(ProjectConfigurationPlatforms) = postSolution
		{D17B7661-B6A8-416E-ABAB-DDCC0BD04C2F}.Debug|Any CPU.ActiveCfg = Debug|Any CPU
		{D17B7661-B6A8-416E-ABAB-DDCC0BD04C2F}.Debug|Any CPU.Build.0 = Debug|Any CPU
		{D17B7661-B6A8-416E-ABAB-DDCC0BD04C2F}.Release|Any CPU.ActiveCfg = Release|Any CPU
		{D17B7661-B6A8-416E-ABAB-DDCC0BD04C2F}.Release|Any CPU.Build.0 = Release|Any CPU
		{C830796F-CF99-48C2-AC4F-A2276B13A7B5}.Debug|Any CPU.ActiveCfg = Debug|Any CPU
		{C830796F-CF99-48C2-AC4F-A2276B13A7B5}.Debug|Any CPU.Build.0 = Debug|Any CPU
		{C830796F-CF99-48C2-AC4F-A2276B13A7B5}.Release|Any CPU.ActiveCfg = Release|Any CPU
		{C830796F-CF99-48C2-AC4F-A2276B13A7B5}.Release|Any CPU.Build.0 = Release|Any CPU
		{8DCD0D6C-7189-4358-A78C-F67BEAD61131}.Debug|Any CPU.ActiveCfg = Debug|Any CPU
		{8DCD0D6C-7189-4358-A78C-F67BEAD61131}.Debug|Any CPU.Build.0 = Debug|Any CPU
		{8DCD0D6C-7189-4358-A78C-F67BEAD61131}.Release|Any CPU.ActiveCfg = Release|Any CPU
		{8DCD0D6C-7189-4358-A78C-F67BEAD61131}.Release|Any CPU.Build.0 = Release|Any CPU
		{8563733C-027B-4012-AFF5-CED2F440AB22}.Debug|Any CPU.ActiveCfg = Debug|Any CPU
		{8563733C-027B-4012-AFF5-CED2F440AB22}.Debug|Any CPU.Build.0 = Debug|Any CPU
		{8563733C-027B-4012-AFF5-CED2F440AB22}.Release|Any CPU.ActiveCfg = Release|Any CPU
		{8563733C-027B-4012-AFF5-CED2F440AB22}.Release|Any CPU.Build.0 = Release|Any CPU
	EndGlobalSection
	GlobalSection(SolutionProperties) = preSolution
		HideSolutionNode = FALSE
	EndGlobalSection
	GlobalSection(ExtensibilityGlobals) = postSolution
		SolutionGuid = {D7B75EF5-0632-408B-A377-7A778F690D21}
	EndGlobalSection
EndGlobal
